PODS:
  - abseil/algorithm (0.20200225.0):
    - abseil/algorithm/algorithm (= 0.20200225.0)
    - abseil/algorithm/container (= 0.20200225.0)
  - abseil/algorithm/algorithm (0.20200225.0):
    - abseil/base/config
  - abseil/algorithm/container (0.20200225.0):
    - abseil/algorithm/algorithm
    - abseil/base/core_headers
    - abseil/meta/type_traits
  - abseil/base (0.20200225.0):
    - abseil/base/atomic_hook (= 0.20200225.0)
    - abseil/base/base (= 0.20200225.0)
    - abseil/base/base_internal (= 0.20200225.0)
    - abseil/base/bits (= 0.20200225.0)
    - abseil/base/config (= 0.20200225.0)
    - abseil/base/core_headers (= 0.20200225.0)
    - abseil/base/dynamic_annotations (= 0.20200225.0)
    - abseil/base/endian (= 0.20200225.0)
    - abseil/base/errno_saver (= 0.20200225.0)
    - abseil/base/exponential_biased (= 0.20200225.0)
    - abseil/base/log_severity (= 0.20200225.0)
    - abseil/base/malloc_internal (= 0.20200225.0)
    - abseil/base/periodic_sampler (= 0.20200225.0)
    - abseil/base/pretty_function (= 0.20200225.0)
    - abseil/base/raw_logging_internal (= 0.20200225.0)
    - abseil/base/spinlock_wait (= 0.20200225.0)
    - abseil/base/throw_delegate (= 0.20200225.0)
  - abseil/base/atomic_hook (0.20200225.0):
    - abseil/base/config
    - abseil/base/core_headers
  - abseil/base/base (0.20200225.0):
    - abseil/base/atomic_hook
    - abseil/base/base_internal
    - abseil/base/config
    - abseil/base/core_headers
    - abseil/base/dynamic_annotations
    - abseil/base/log_severity
    - abseil/base/raw_logging_internal
    - abseil/base/spinlock_wait
    - abseil/meta/type_traits
  - abseil/base/base_internal (0.20200225.0):
    - abseil/base/config
    - abseil/meta/type_traits
  - abseil/base/bits (0.20200225.0):
    - abseil/base/config
    - abseil/base/core_headers
  - abseil/base/config (0.20200225.0)
  - abseil/base/core_headers (0.20200225.0):
    - abseil/base/config
  - abseil/base/dynamic_annotations (0.20200225.0)
  - abseil/base/endian (0.20200225.0):
    - abseil/base/config
    - abseil/base/core_headers
  - abseil/base/errno_saver (0.20200225.0):
    - abseil/base/config
  - abseil/base/exponential_biased (0.20200225.0):
    - abseil/base/config
    - abseil/base/core_headers
  - abseil/base/log_severity (0.20200225.0):
    - abseil/base/config
    - abseil/base/core_headers
  - abseil/base/malloc_internal (0.20200225.0):
    - abseil/base/base
    - abseil/base/base_internal
    - abseil/base/config
    - abseil/base/core_headers
    - abseil/base/dynamic_annotations
    - abseil/base/raw_logging_internal
  - abseil/base/periodic_sampler (0.20200225.0):
    - abseil/base/core_headers
    - abseil/base/exponential_biased
  - abseil/base/pretty_function (0.20200225.0)
  - abseil/base/raw_logging_internal (0.20200225.0):
    - abseil/base/atomic_hook
    - abseil/base/config
    - abseil/base/core_headers
    - abseil/base/log_severity
  - abseil/base/spinlock_wait (0.20200225.0):
    - abseil/base/base_internal
    - abseil/base/core_headers
    - abseil/base/errno_saver
  - abseil/base/throw_delegate (0.20200225.0):
    - abseil/base/config
    - abseil/base/raw_logging_internal
  - abseil/container/compressed_tuple (0.20200225.0):
    - abseil/utility/utility
  - abseil/container/inlined_vector (0.20200225.0):
    - abseil/algorithm/algorithm
    - abseil/base/core_headers
    - abseil/base/throw_delegate
    - abseil/container/inlined_vector_internal
    - abseil/memory/memory
  - abseil/container/inlined_vector_internal (0.20200225.0):
    - abseil/base/core_headers
    - abseil/container/compressed_tuple
    - abseil/memory/memory
    - abseil/meta/type_traits
    - abseil/types/span
  - abseil/memory (0.20200225.0):
    - abseil/memory/memory (= 0.20200225.0)
  - abseil/memory/memory (0.20200225.0):
    - abseil/base/core_headers
    - abseil/meta/type_traits
  - abseil/meta (0.20200225.0):
    - abseil/meta/type_traits (= 0.20200225.0)
  - abseil/meta/type_traits (0.20200225.0):
    - abseil/base/config
  - abseil/numeric/int128 (0.20200225.0):
    - abseil/base/config
    - abseil/base/core_headers
  - abseil/strings/internal (0.20200225.0):
    - abseil/base/config
    - abseil/base/core_headers
    - abseil/base/endian
    - abseil/base/raw_logging_internal
    - abseil/meta/type_traits
  - abseil/strings/str_format (0.20200225.0):
    - abseil/strings/str_format_internal
  - abseil/strings/str_format_internal (0.20200225.0):
    - abseil/base/config
    - abseil/base/core_headers
    - abseil/meta/type_traits
    - abseil/numeric/int128
    - abseil/strings/strings
    - abseil/types/span
  - abseil/strings/strings (0.20200225.0):
    - abseil/base/base
    - abseil/base/bits
    - abseil/base/config
    - abseil/base/core_headers
    - abseil/base/endian
    - abseil/base/raw_logging_internal
    - abseil/base/throw_delegate
    - abseil/memory/memory
    - abseil/meta/type_traits
    - abseil/numeric/int128
    - abseil/strings/internal
  - abseil/time (0.20200225.0):
    - abseil/time/internal (= 0.20200225.0)
    - abseil/time/time (= 0.20200225.0)
  - abseil/time/internal (0.20200225.0):
    - abseil/time/internal/cctz (= 0.20200225.0)
  - abseil/time/internal/cctz (0.20200225.0):
    - abseil/time/internal/cctz/civil_time (= 0.20200225.0)
    - abseil/time/internal/cctz/time_zone (= 0.20200225.0)
  - abseil/time/internal/cctz/civil_time (0.20200225.0):
    - abseil/base/config
  - abseil/time/internal/cctz/time_zone (0.20200225.0):
    - abseil/base/config
    - abseil/time/internal/cctz/civil_time
  - abseil/time/time (0.20200225.0):
    - abseil/base/base
    - abseil/base/core_headers
    - abseil/base/raw_logging_internal
    - abseil/numeric/int128
    - abseil/strings/strings
    - abseil/time/internal/cctz/civil_time
    - abseil/time/internal/cctz/time_zone
  - abseil/types (0.20200225.0):
    - abseil/types/any (= 0.20200225.0)
    - abseil/types/bad_any_cast (= 0.20200225.0)
    - abseil/types/bad_any_cast_impl (= 0.20200225.0)
    - abseil/types/bad_optional_access (= 0.20200225.0)
    - abseil/types/bad_variant_access (= 0.20200225.0)
    - abseil/types/compare (= 0.20200225.0)
    - abseil/types/optional (= 0.20200225.0)
    - abseil/types/span (= 0.20200225.0)
    - abseil/types/variant (= 0.20200225.0)
  - abseil/types/any (0.20200225.0):
    - abseil/base/config
    - abseil/base/core_headers
    - abseil/meta/type_traits
    - abseil/types/bad_any_cast
    - abseil/utility/utility
  - abseil/types/bad_any_cast (0.20200225.0):
    - abseil/base/config
    - abseil/types/bad_any_cast_impl
  - abseil/types/bad_any_cast_impl (0.20200225.0):
    - abseil/base/config
    - abseil/base/raw_logging_internal
  - abseil/types/bad_optional_access (0.20200225.0):
    - abseil/base/config
    - abseil/base/raw_logging_internal
  - abseil/types/bad_variant_access (0.20200225.0):
    - abseil/base/config
    - abseil/base/raw_logging_internal
  - abseil/types/compare (0.20200225.0):
    - abseil/base/core_headers
    - abseil/meta/type_traits
  - abseil/types/optional (0.20200225.0):
    - abseil/base/base_internal
    - abseil/base/config
    - abseil/base/core_headers
    - abseil/memory/memory
    - abseil/meta/type_traits
    - abseil/types/bad_optional_access
    - abseil/utility/utility
  - abseil/types/span (0.20200225.0):
    - abseil/algorithm/algorithm
    - abseil/base/core_headers
    - abseil/base/throw_delegate
    - abseil/meta/type_traits
  - abseil/types/variant (0.20200225.0):
    - abseil/base/base_internal
    - abseil/base/config
    - abseil/base/core_headers
    - abseil/meta/type_traits
    - abseil/types/bad_variant_access
    - abseil/utility/utility
  - abseil/utility/utility (0.20200225.0):
    - abseil/base/base_internal
    - abseil/base/config
    - abseil/meta/type_traits
  - Base64 (1.1.2)
  - boost-for-react-native (1.63.0)
  - BoringSSL-GRPC (0.0.7):
    - BoringSSL-GRPC/Implementation (= 0.0.7)
    - BoringSSL-GRPC/Interface (= 0.0.7)
  - BoringSSL-GRPC/Implementation (0.0.7):
    - BoringSSL-GRPC/Interface (= 0.0.7)
  - BoringSSL-GRPC/Interface (0.0.7)
  - CodePush (6.2.0):
    - Base64
    - JWT
    - React
    - React-Core
    - SSZipArchive
  - DoubleConversion (1.1.5)
  - FBLazyVector (0.67.4)
  - FBReactNativeSpec (0.67.4):
    - RCT-Folly (= 2021.06.28.00-v2)
    - RCTRequired (= 0.67.4)
    - RCTTypeSafety (= 0.67.4)
    - React-Core (= 0.67.4)
    - React-jsi (= 0.67.4)
    - ReactCommon/turbomodule/core (= 0.67.4)
  - Firebase/Analytics (7.11.0):
    - Firebase/Core
  - Firebase/Auth (7.11.0):
    - Firebase/CoreOnly
    - FirebaseAuth (~> 7.11.0)
  - Firebase/Core (7.11.0):
    - Firebase/CoreOnly
    - FirebaseAnalytics (~> 7.11.0)
  - Firebase/CoreOnly (7.11.0):
    - FirebaseCore (= 7.11.0)
  - Firebase/Crashlytics (7.11.0):
    - Firebase/CoreOnly
    - FirebaseCrashlytics (~> 7.11.0)
  - Firebase/Database (7.11.0):
    - Firebase/CoreOnly
    - FirebaseDatabase (~> 7.11.0)
  - Firebase/DynamicLinks (7.11.0):
    - Firebase/CoreOnly
    - FirebaseDynamicLinks (~> 7.11.0)
  - Firebase/Firestore (7.11.0):
    - Firebase/CoreOnly
    - FirebaseFirestore (~> 7.11.0)
  - Firebase/Functions (7.11.0):
    - Firebase/CoreOnly
    - FirebaseFunctions (~> 7.11.0)
  - Firebase/InAppMessaging (7.11.0):
    - Firebase/CoreOnly
    - FirebaseInAppMessaging (~> 7.11.0-beta)
  - Firebase/Messaging (7.11.0):
    - Firebase/CoreOnly
    - FirebaseMessaging (~> 7.11.0)
  - Firebase/RemoteConfig (7.11.0):
    - Firebase/CoreOnly
    - FirebaseRemoteConfig (~> 7.11.0)
  - FirebaseABTesting (7.11.0):
    - FirebaseCore (~> 7.0)
  - FirebaseAnalytics (7.11.0):
    - FirebaseAnalytics/AdIdSupport (= 7.11.0)
    - FirebaseCore (~> 7.0)
    - FirebaseInstallations (~> 7.0)
    - GoogleUtilities/AppDelegateSwizzler (~> 7.0)
    - GoogleUtilities/MethodSwizzler (~> 7.0)
    - GoogleUtilities/Network (~> 7.0)
    - "GoogleUtilities/NSData+zlib (~> 7.0)"
    - nanopb (~> 2.30908.0)
  - FirebaseAnalytics/AdIdSupport (7.11.0):
    - FirebaseAnalytics/Base (= 7.11.0)
    - FirebaseCore (~> 7.0)
    - FirebaseInstallations (~> 7.0)
    - GoogleAppMeasurement/AdIdSupport (= 7.11.0)
    - GoogleUtilities/AppDelegateSwizzler (~> 7.0)
    - GoogleUtilities/MethodSwizzler (~> 7.0)
    - GoogleUtilities/Network (~> 7.0)
    - "GoogleUtilities/NSData+zlib (~> 7.0)"
    - nanopb (~> 2.30908.0)
  - FirebaseAnalytics/Base (7.11.0):
    - FirebaseCore (~> 7.0)
    - FirebaseInstallations (~> 7.0)
    - GoogleUtilities/AppDelegateSwizzler (~> 7.0)
    - GoogleUtilities/MethodSwizzler (~> 7.0)
    - GoogleUtilities/Network (~> 7.0)
    - "GoogleUtilities/NSData+zlib (~> 7.0)"
    - nanopb (~> 2.30908.0)
  - FirebaseAuth (7.11.0):
    - FirebaseCore (~> 7.0)
    - GoogleUtilities/AppDelegateSwizzler (~> 7.0)
    - GoogleUtilities/Environment (~> 7.0)
    - GTMSessionFetcher/Core (~> 1.4)
  - FirebaseCore (7.11.0):
    - FirebaseCoreDiagnostics (~> 7.4)
    - GoogleUtilities/Environment (~> 7.0)
    - GoogleUtilities/Logger (~> 7.0)
  - FirebaseCoreDiagnostics (7.11.0):
    - GoogleDataTransport (~> 8.4)
    - GoogleUtilities/Environment (~> 7.0)
    - GoogleUtilities/Logger (~> 7.0)
    - nanopb (~> 2.30908.0)
  - FirebaseCrashlytics (7.11.0):
    - FirebaseCore (~> 7.0)
    - FirebaseInstallations (~> 7.0)
    - GoogleDataTransport (~> 8.4)
    - nanopb (~> 2.30908.0)
    - PromisesObjC (~> 1.2)
  - FirebaseDatabase (7.11.0):
    - FirebaseCore (~> 7.0)
    - leveldb-library (~> 1.22)
  - FirebaseDynamicLinks (7.11.0):
    - FirebaseCore (~> 7.0)
  - FirebaseFirestore (7.11.0):
    - abseil/algorithm (= 0.20200225.0)
    - abseil/base (= 0.20200225.0)
    - abseil/memory (= 0.20200225.0)
    - abseil/meta (= 0.20200225.0)
    - abseil/strings/strings (= 0.20200225.0)
    - abseil/time (= 0.20200225.0)
    - abseil/types (= 0.20200225.0)
    - FirebaseCore (~> 7.0)
    - "gRPC-C++ (~> 1.28.0)"
    - leveldb-library (~> 1.22)
    - nanopb (~> 2.30908.0)
  - FirebaseFunctions (7.11.0):
    - FirebaseCore (~> 7.0)
    - GTMSessionFetcher/Core (~> 1.4)
  - FirebaseInAppMessaging (7.11.0-beta):
    - FirebaseABTesting (~> 7.0)
    - FirebaseCore (~> 7.0)
    - FirebaseInstallations (~> 7.0)
    - GoogleUtilities/Environment (~> 7.0)
    - nanopb (~> 2.30908.0)
  - FirebaseInstallations (7.11.0):
    - FirebaseCore (~> 7.0)
    - GoogleUtilities/Environment (~> 7.0)
    - GoogleUtilities/UserDefaults (~> 7.0)
    - PromisesObjC (~> 1.2)
  - FirebaseInstanceID (7.11.0):
    - FirebaseCore (~> 7.0)
    - FirebaseInstallations (~> 7.0)
    - GoogleUtilities/Environment (~> 7.0)
    - GoogleUtilities/UserDefaults (~> 7.0)
  - FirebaseMessaging (7.11.0):
    - FirebaseCore (~> 7.0)
    - FirebaseInstallations (~> 7.0)
    - FirebaseInstanceID (~> 7.0)
    - GoogleUtilities/AppDelegateSwizzler (~> 7.0)
    - GoogleUtilities/Environment (~> 7.0)
    - GoogleUtilities/Reachability (~> 7.0)
    - GoogleUtilities/UserDefaults (~> 7.0)
  - FirebaseRemoteConfig (7.11.0):
    - FirebaseABTesting (~> 7.0)
    - FirebaseCore (~> 7.0)
    - FirebaseInstallations (~> 7.0)
    - GoogleUtilities/Environment (~> 7.0)
    - "GoogleUtilities/NSData+zlib (~> 7.0)"
  - fmt (6.2.1)
  - glog (0.3.5)
  - Google-Maps-iOS-Utils (4.1.0):
    - Google-Maps-iOS-Utils/Clustering (= 4.1.0)
    - Google-Maps-iOS-Utils/Geometry (= 4.1.0)
    - Google-Maps-iOS-Utils/GeometryUtils (= 4.1.0)
    - Google-Maps-iOS-Utils/Heatmap (= 4.1.0)
    - Google-Maps-iOS-Utils/QuadTree (= 4.1.0)
    - GoogleMaps
  - Google-Maps-iOS-Utils/Clustering (4.1.0):
    - Google-Maps-iOS-Utils/QuadTree
    - GoogleMaps
  - Google-Maps-iOS-Utils/Geometry (4.1.0):
    - GoogleMaps
  - Google-Maps-iOS-Utils/GeometryUtils (4.1.0):
    - GoogleMaps
  - Google-Maps-iOS-Utils/Heatmap (4.1.0):
    - Google-Maps-iOS-Utils/QuadTree
    - GoogleMaps
  - Google-Maps-iOS-Utils/QuadTree (4.1.0):
    - GoogleMaps
  - GoogleAppMeasurement/AdIdSupport (7.11.0):
    - GoogleUtilities/AppDelegateSwizzler (~> 7.0)
    - GoogleUtilities/MethodSwizzler (~> 7.0)
    - GoogleUtilities/Network (~> 7.0)
    - "GoogleUtilities/NSData+zlib (~> 7.0)"
    - nanopb (~> 2.30908.0)
  - GoogleDataTransport (8.4.0):
    - GoogleUtilities/Environment (~> 7.2)
    - nanopb (~> 2.30908.0)
    - PromisesObjC (~> 1.2)
  - GoogleMaps (7.0.0):
    - GoogleMaps/Maps (= 7.0.0)
  - GoogleMaps/Base (7.0.0)
  - GoogleMaps/Maps (7.0.0):
    - GoogleMaps/Base
  - GoogleUtilities/AppDelegateSwizzler (7.7.0):
    - GoogleUtilities/Environment
    - GoogleUtilities/Logger
    - GoogleUtilities/Network
  - GoogleUtilities/Environment (7.7.0):
    - PromisesObjC (< 3.0, >= 1.2)
  - GoogleUtilities/Logger (7.7.0):
    - GoogleUtilities/Environment
  - GoogleUtilities/MethodSwizzler (7.7.0):
    - GoogleUtilities/Logger
  - GoogleUtilities/Network (7.7.0):
    - GoogleUtilities/Logger
    - "GoogleUtilities/NSData+zlib"
    - GoogleUtilities/Reachability
  - "GoogleUtilities/NSData+zlib (7.7.0)"
  - GoogleUtilities/Reachability (7.7.0):
    - GoogleUtilities/Logger
  - GoogleUtilities/UserDefaults (7.7.0):
    - GoogleUtilities/Logger
  - "gRPC-C++ (1.28.2)":
    - "gRPC-C++/Implementation (= 1.28.2)"
    - "gRPC-C++/Interface (= 1.28.2)"
  - "gRPC-C++/Implementation (1.28.2)":
    - abseil/container/inlined_vector (= 0.20200225.0)
    - abseil/memory/memory (= 0.20200225.0)
    - abseil/strings/str_format (= 0.20200225.0)
    - abseil/strings/strings (= 0.20200225.0)
    - abseil/types/optional (= 0.20200225.0)
    - "gRPC-C++/Interface (= 1.28.2)"
    - gRPC-Core (= 1.28.2)
  - "gRPC-C++/Interface (1.28.2)"
  - gRPC-Core (1.28.2):
    - gRPC-Core/Implementation (= 1.28.2)
    - gRPC-Core/Interface (= 1.28.2)
  - gRPC-Core/Implementation (1.28.2):
    - abseil/container/inlined_vector (= 0.20200225.0)
    - abseil/memory/memory (= 0.20200225.0)
    - abseil/strings/str_format (= 0.20200225.0)
    - abseil/strings/strings (= 0.20200225.0)
    - abseil/types/optional (= 0.20200225.0)
    - BoringSSL-GRPC (= 0.0.7)
    - gRPC-Core/Interface (= 1.28.2)
  - gRPC-Core/Interface (1.28.2)
  - GTMSessionFetcher/Core (1.7.2)
  - HMSegmentedControl (1.5.6)
  - JWT (3.0.0-beta.7):
    - Base64
    - React-Core
  - leveldb-library (1.22.1)
  - libwebp (1.2.3):
    - libwebp/demux (= 1.2.3)
    - libwebp/mux (= 1.2.3)
    - libwebp/webp (= 1.2.3)
  - libwebp/demux (1.2.3):
    - libwebp/webp
  - libwebp/mux (1.2.3):
    - libwebp/demux
  - libwebp/webp (1.2.3)
  - lottie-ios (3.4.2)
  - lottie-react-native (5.1.4):
    - lottie-ios (~> 3.4.0)
    - React-Core
  - nanopb (2.30908.0):
    - nanopb/decode (= 2.30908.0)
    - nanopb/encode (= 2.30908.0)
  - nanopb/decode (2.30908.0)
  - nanopb/encode (2.30908.0)
  - PromisesObjC (1.2.12)
  - RCT-Folly (2021.06.28.00-v2):
    - boost-for-react-native
    - DoubleConversion
    - fmt (~> 6.2.1)
    - glog
    - RCT-Folly/Default (= 2021.06.28.00-v2)
  - RCT-Folly/Default (2021.06.28.00-v2):
    - boost-for-react-native
    - DoubleConversion
    - fmt (~> 6.2.1)
    - glog
  - RCTRequired (0.67.4)
  - RCTTypeSafety (0.67.4):
    - FBLazyVector (= 0.67.4)
    - RCT-Folly (= 2021.06.28.00-v2)
    - RCTRequired (= 0.67.4)
    - React-Core (= 0.67.4)
  - React (0.67.4):
    - React-Core (= 0.67.4)
    - React-Core/DevSupport (= 0.67.4)
    - React-Core/RCTWebSocket (= 0.67.4)
    - React-RCTActionSheet (= 0.67.4)
    - React-RCTAnimation (= 0.67.4)
    - React-RCTBlob (= 0.67.4)
    - React-RCTImage (= 0.67.4)
    - React-RCTLinking (= 0.67.4)
    - React-RCTNetwork (= 0.67.4)
    - React-RCTSettings (= 0.67.4)
    - React-RCTText (= 0.67.4)
    - React-RCTVibration (= 0.67.4)
  - React-callinvoker (0.67.4)
  - React-Core (0.67.4):
    - glog
    - RCT-Folly (= 2021.06.28.00-v2)
    - React-Core/Default (= 0.67.4)
    - React-cxxreact (= 0.67.4)
    - React-jsi (= 0.67.4)
    - React-jsiexecutor (= 0.67.4)
    - React-perflogger (= 0.67.4)
    - Yoga
  - React-Core/CoreModulesHeaders (0.67.4):
    - glog
    - RCT-Folly (= 2021.06.28.00-v2)
    - React-Core/Default
    - React-cxxreact (= 0.67.4)
    - React-jsi (= 0.67.4)
    - React-jsiexecutor (= 0.67.4)
    - React-perflogger (= 0.67.4)
    - Yoga
  - React-Core/Default (0.67.4):
    - glog
    - RCT-Folly (= 2021.06.28.00-v2)
    - React-cxxreact (= 0.67.4)
    - React-jsi (= 0.67.4)
    - React-jsiexecutor (= 0.67.4)
    - React-perflogger (= 0.67.4)
    - Yoga
  - React-Core/DevSupport (0.67.4):
    - glog
    - RCT-Folly (= 2021.06.28.00-v2)
    - React-Core/Default (= 0.67.4)
    - React-Core/RCTWebSocket (= 0.67.4)
    - React-cxxreact (= 0.67.4)
    - React-jsi (= 0.67.4)
    - React-jsiexecutor (= 0.67.4)
    - React-jsinspector (= 0.67.4)
    - React-perflogger (= 0.67.4)
    - Yoga
  - React-Core/RCTActionSheetHeaders (0.67.4):
    - glog
    - RCT-Folly (= 2021.06.28.00-v2)
    - React-Core/Default
    - React-cxxreact (= 0.67.4)
    - React-jsi (= 0.67.4)
    - React-jsiexecutor (= 0.67.4)
    - React-perflogger (= 0.67.4)
    - Yoga
  - React-Core/RCTAnimationHeaders (0.67.4):
    - glog
    - RCT-Folly (= 2021.06.28.00-v2)
    - React-Core/Default
    - React-cxxreact (= 0.67.4)
    - React-jsi (= 0.67.4)
    - React-jsiexecutor (= 0.67.4)
    - React-perflogger (= 0.67.4)
    - Yoga
  - React-Core/RCTBlobHeaders (0.67.4):
    - glog
    - RCT-Folly (= 2021.06.28.00-v2)
    - React-Core/Default
    - React-cxxreact (= 0.67.4)
    - React-jsi (= 0.67.4)
    - React-jsiexecutor (= 0.67.4)
    - React-perflogger (= 0.67.4)
    - Yoga
  - React-Core/RCTImageHeaders (0.67.4):
    - glog
    - RCT-Folly (= 2021.06.28.00-v2)
    - React-Core/Default
    - React-cxxreact (= 0.67.4)
    - React-jsi (= 0.67.4)
    - React-jsiexecutor (= 0.67.4)
    - React-perflogger (= 0.67.4)
    - Yoga
  - React-Core/RCTLinkingHeaders (0.67.4):
    - glog
    - RCT-Folly (= 2021.06.28.00-v2)
    - React-Core/Default
    - React-cxxreact (= 0.67.4)
    - React-jsi (= 0.67.4)
    - React-jsiexecutor (= 0.67.4)
    - React-perflogger (= 0.67.4)
    - Yoga
  - React-Core/RCTNetworkHeaders (0.67.4):
    - glog
    - RCT-Folly (= 2021.06.28.00-v2)
    - React-Core/Default
    - React-cxxreact (= 0.67.4)
    - React-jsi (= 0.67.4)
    - React-jsiexecutor (= 0.67.4)
    - React-perflogger (= 0.67.4)
    - Yoga
  - React-Core/RCTPushNotificationHeaders (0.67.4):
    - glog
    - RCT-Folly (= 2021.06.28.00-v2)
    - React-Core/Default
    - React-cxxreact (= 0.67.4)
    - React-jsi (= 0.67.4)
    - React-jsiexecutor (= 0.67.4)
    - React-perflogger (= 0.67.4)
    - Yoga
  - React-Core/RCTSettingsHeaders (0.67.4):
    - glog
    - RCT-Folly (= 2021.06.28.00-v2)
    - React-Core/Default
    - React-cxxreact (= 0.67.4)
    - React-jsi (= 0.67.4)
    - React-jsiexecutor (= 0.67.4)
    - React-perflogger (= 0.67.4)
    - Yoga
  - React-Core/RCTTextHeaders (0.67.4):
    - glog
    - RCT-Folly (= 2021.06.28.00-v2)
    - React-Core/Default
    - React-cxxreact (= 0.67.4)
    - React-jsi (= 0.67.4)
    - React-jsiexecutor (= 0.67.4)
    - React-perflogger (= 0.67.4)
    - Yoga
  - React-Core/RCTVibrationHeaders (0.67.4):
    - glog
    - RCT-Folly (= 2021.06.28.00-v2)
    - React-Core/Default
    - React-cxxreact (= 0.67.4)
    - React-jsi (= 0.67.4)
    - React-jsiexecutor (= 0.67.4)
    - React-perflogger (= 0.67.4)
    - Yoga
  - React-Core/RCTWebSocket (0.67.4):
    - glog
    - RCT-Folly (= 2021.06.28.00-v2)
    - React-Core/Default (= 0.67.4)
    - React-cxxreact (= 0.67.4)
    - React-jsi (= 0.67.4)
    - React-jsiexecutor (= 0.67.4)
    - React-perflogger (= 0.67.4)
    - Yoga
  - React-CoreModules (0.67.4):
    - FBReactNativeSpec (= 0.67.4)
    - RCT-Folly (= 2021.06.28.00-v2)
    - RCTTypeSafety (= 0.67.4)
    - React-Core/CoreModulesHeaders (= 0.67.4)
    - React-jsi (= 0.67.4)
    - React-RCTImage (= 0.67.4)
    - ReactCommon/turbomodule/core (= 0.67.4)
  - React-cxxreact (0.67.4):
    - boost-for-react-native (= 1.63.0)
    - DoubleConversion
    - glog
    - RCT-Folly (= 2021.06.28.00-v2)
    - React-callinvoker (= 0.67.4)
    - React-jsi (= 0.67.4)
    - React-jsinspector (= 0.67.4)
    - React-logger (= 0.67.4)
    - React-perflogger (= 0.67.4)
    - React-runtimeexecutor (= 0.67.4)
  - React-jsi (0.67.4):
    - boost-for-react-native (= 1.63.0)
    - DoubleConversion
    - glog
    - RCT-Folly (= 2021.06.28.00-v2)
    - React-jsi/Default (= 0.67.4)
  - React-jsi/Default (0.67.4):
    - boost-for-react-native (= 1.63.0)
    - DoubleConversion
    - glog
    - RCT-Folly (= 2021.06.28.00-v2)
  - React-jsiexecutor (0.67.4):
    - DoubleConversion
    - glog
    - RCT-Folly (= 2021.06.28.00-v2)
    - React-cxxreact (= 0.67.4)
    - React-jsi (= 0.67.4)
    - React-perflogger (= 0.67.4)
  - React-jsinspector (0.67.4)
  - React-logger (0.67.4):
    - glog
  - react-native-contacts (6.0.3):
    - React-Core
  - react-native-geolocation (2.0.2):
    - React
    - React-Core
  - react-native-geolocation-service (5.0.0):
    - React
    - React-Core
  - react-native-google-maps (1.3.0):
    - Google-Maps-iOS-Utils (= 4.1.0)
    - GoogleMaps (= 7.0.0)
    - React-Core
  - react-native-maps (1.3.0):
    - React-Core
  - react-native-netinfo (5.9.7):
    - React-Core
  - react-native-notifications (3.4.0):
    - React-Core
  - react-native-splash-screen (3.3.0):
    - React-Core
  - react-native-webview (11.23.0):
    - React-Core
  - React-perflogger (0.67.4)
  - React-RCTActionSheet (0.67.4):
    - React-Core/RCTActionSheetHeaders (= 0.67.4)
  - React-RCTAnimation (0.67.4):
    - FBReactNativeSpec (= 0.67.4)
    - RCT-Folly (= 2021.06.28.00-v2)
    - RCTRequired (= 0.67.4)
    - RCTTypeSafety (= 0.67.4)
    - React-Core (= 0.67.4)
    - React-Core/RCTAnimationHeaders (= 0.67.4)
    - React-jsi (= 0.67.4)
    - ReactCommon/turbomodule/core (= 0.67.4)
  - React-RCTBlob (0.67.4):
    - FBReactNativeSpec (= 0.67.4)
    - RCT-Folly (= 2021.06.28.00-v2)
    - React-Core/RCTBlobHeaders (= 0.67.4)
    - React-Core/RCTWebSocket (= 0.67.4)
    - React-jsi (= 0.67.4)
    - React-RCTNetwork (= 0.67.4)
    - ReactCommon/turbomodule/core (= 0.67.4)
  - React-RCTImage (0.67.4):
    - FBReactNativeSpec (= 0.67.4)
    - RCT-Folly (= 2021.06.28.00-v2)
    - RCTTypeSafety (= 0.67.4)
    - React-Core/RCTImageHeaders (= 0.67.4)
    - React-jsi (= 0.67.4)
    - React-RCTNetwork (= 0.67.4)
    - ReactCommon/turbomodule/core (= 0.67.4)
  - React-RCTLinking (0.67.4):
    - FBReactNativeSpec (= 0.67.4)
    - React-Core/RCTLinkingHeaders (= 0.67.4)
    - React-jsi (= 0.67.4)
    - ReactCommon/turbomodule/core (= 0.67.4)
  - React-RCTNetwork (0.67.4):
    - FBReactNativeSpec (= 0.67.4)
    - RCT-Folly (= 2021.06.28.00-v2)
    - RCTTypeSafety (= 0.67.4)
    - React-Core (= 0.67.4)
    - React-Core/RCTNetworkHeaders (= 0.67.4)
    - React-jsi (= 0.67.4)
    - ReactCommon/turbomodule/core (= 0.67.4)
  - React-RCTPushNotification (0.67.4):
    - FBReactNativeSpec (= 0.67.4)
    - RCTTypeSafety (= 0.67.4)
    - React-Core/RCTPushNotificationHeaders (= 0.67.4)
    - React-jsi (= 0.67.4)
    - ReactCommon/turbomodule/core (= 0.67.4)
  - React-RCTSettings (0.67.4):
    - FBReactNativeSpec (= 0.67.4)
    - RCT-Folly (= 2021.06.28.00-v2)
    - RCTTypeSafety (= 0.67.4)
    - React-Core/RCTSettingsHeaders (= 0.67.4)
    - React-jsi (= 0.67.4)
    - ReactCommon/turbomodule/core (= 0.67.4)
  - React-RCTText (0.67.4):
    - React-Core/RCTTextHeaders (= 0.67.4)
  - React-RCTVibration (0.67.4):
    - FBReactNativeSpec (= 0.67.4)
    - RCT-Folly (= 2021.06.28.00-v2)
    - React-Core/RCTVibrationHeaders (= 0.67.4)
    - React-jsi (= 0.67.4)
    - ReactCommon/turbomodule/core (= 0.67.4)
  - React-runtimeexecutor (0.67.4):
    - React-jsi (= 0.67.4)
  - ReactCommon (0.67.4):
    - ReactCommon/react_debug_core (= 0.67.4)
    - ReactCommon/turbomodule (= 0.67.4)
  - ReactCommon/react_debug_core (0.67.4)
  - ReactCommon/turbomodule (0.67.4):
    - DoubleConversion
    - glog
    - RCT-Folly (= 2021.06.28.00-v2)
    - React-callinvoker (= 0.67.4)
    - React-Core (= 0.67.4)
    - React-cxxreact (= 0.67.4)
    - React-jsi (= 0.67.4)
    - React-logger (= 0.67.4)
    - React-perflogger (= 0.67.4)
    - ReactCommon/turbomodule/core (= 0.67.4)
    - ReactCommon/turbomodule/samples (= 0.67.4)
  - ReactCommon/turbomodule/core (0.67.4):
    - DoubleConversion
    - glog
    - RCT-Folly (= 2021.06.28.00-v2)
    - React-callinvoker (= 0.67.4)
    - React-Core (= 0.67.4)
    - React-cxxreact (= 0.67.4)
    - React-jsi (= 0.67.4)
    - React-logger (= 0.67.4)
    - React-perflogger (= 0.67.4)
  - ReactCommon/turbomodule/samples (0.67.4):
    - DoubleConversion
    - glog
    - RCT-Folly (= 2021.06.28.00-v2)
    - React-callinvoker (= 0.67.4)
    - React-Core (= 0.67.4)
    - React-cxxreact (= 0.67.4)
    - React-jsi (= 0.67.4)
    - React-logger (= 0.67.4)
    - React-perflogger (= 0.67.4)
    - ReactCommon/turbomodule/core (= 0.67.4)
  - ReactNativeART (1.2.0):
    - React
    - React-Core
  - ReactNativeNavigation (7.29.0):
    - HMSegmentedControl
    - React-Core
    - React-RCTImage
    - React-RCTText
    - ReactNativeNavigation/Core (= 7.29.0)
  - ReactNativeNavigation/Core (7.29.0):
    - HMSegmentedControl
    - React-Core
    - React-RCTImage
    - React-RCTText
  - RNCAsyncStorage (1.17.10):
    - React-Core
  - RNCClipboard (1.5.1):
    - React-Core
  - RNCPushNotificationIOS (1.10.1):
    - React-Core
  - RNDateTimePicker (6.3.2):
    - React-Core
  - RNDeviceInfo (5.3.0):
    - React
    - React-Core
  - RNExitApp (1.1.0):
    - React-Core
  - RNFastImage (8.6.0):
    - React-Core
    - SDWebImage (~> 5.11.1)
    - SDWebImageWebPCoder (~> 0.8.4)
  - RNFBAnalytics (11.5.0):
    - Firebase/Analytics (= 7.11.0)
    - React-Core
    - RNFBApp
  - RNFBApp (11.5.0):
    - Firebase/CoreOnly (= 7.11.0)
    - React-Core
  - RNFBAuth (11.5.0):
    - Firebase/Auth (= 7.11.0)
    - React-Core
    - RNFBApp
  - RNFBCrashlytics (11.5.0):
    - Firebase/Crashlytics (= 7.11.0)
    - React-Core
    - RNFBApp
  - RNFBDatabase (11.5.0):
    - Firebase/Database (= 7.11.0)
    - React-Core
    - RNFBApp
  - RNFBDynamicLinks (11.5.0):
    - Firebase/DynamicLinks (= 7.11.0)
    - GoogleUtilities/AppDelegateSwizzler
    - React-Core
    - RNFBApp
  - RNFBFirestore (11.5.0):
    - Firebase/Firestore (= 7.11.0)
    - React-Core
    - RNFBApp
  - RNFBFunctions (11.5.0):
    - Firebase/Functions (= 7.11.0)
    - React-Core
    - RNFBApp
  - RNFBIid (11.5.0):
    - Firebase/CoreOnly (= 7.11.0)
    - FirebaseInstanceID
    - React-Core
    - RNFBApp
  - RNFBInAppMessaging (11.5.0):
    - Firebase/InAppMessaging (= 7.11.0)
    - React-Core
    - RNFBApp
  - RNFBMessaging (11.5.0):
    - Firebase/Messaging (= 7.11.0)
    - React-Core
    - RNFBApp
  - RNFBRemoteConfig (11.5.0):
    - Firebase/RemoteConfig (= 7.11.0)
    - React-Core
    - RNFBApp
  - RNI18n (2.0.14):
    - React-Core
  - RNPermissions (3.1.0):
    - React-Core
  - RNShare (7.2.0):
    - React
    - React-Core
  - RNSVG (12.4.4):
    - React
    - React-Core
  - RNVectorIcons (6.6.0):
    - React
    - React-Core
  - SDWebImage (5.11.1):
    - SDWebImage/Core (= 5.11.1)
  - SDWebImage/Core (5.11.1)
  - SDWebImageWebPCoder (0.8.5):
    - libwebp (~> 1.0)
    - SDWebImage/Core (~> 5.10)
  - SSZipArchive (2.4.3)
  - Yoga (1.14.0)

DEPENDENCIES:
  - CodePush
  - FBLazyVector
  - FBReactNativeSpec
  - lottie-ios
  - lottie-react-native
  - RCTRequired
  - RCTTypeSafety
  - React
  - React-callinvoker
  - React-Core
  - React-CoreModules
  - React-cxxreact
  - React-jsi
  - React-jsiexecutor
  - React-jsinspector
  - React-logger
  - react-native-contacts
  - react-native-geolocation
  - react-native-geolocation-service
  - react-native-google-maps
  - react-native-maps
  - react-native-netinfo
  - react-native-notifications
  - react-native-splash-screen
  - react-native-webview
  - React-perflogger
  - React-RCTActionSheet
  - React-RCTAnimation
  - React-RCTBlob
  - React-RCTImage
  - React-RCTLinking
  - React-RCTNetwork
  - React-RCTPushNotification
  - React-RCTSettings
  - React-RCTText
  - React-RCTVibration
  - React-runtimeexecutor
  - ReactCommon
  - ReactNativeART
  - ReactNativeNavigation
  - RNCAsyncStorage
  - RNCClipboard
  - RNCPushNotificationIOS
  - RNDateTimePicker
  - RNDeviceInfo
  - RNExitApp
  - RNFastImage
  - RNFBAnalytics
  - RNFBApp
  - RNFBAuth
  - RNFBCrashlytics
  - RNFBDatabase
  - RNFBDynamicLinks
  - RNFBFirestore
  - RNFBFunctions
  - RNFBIid
  - RNFBInAppMessaging
  - RNFBMessaging
  - RNFBRemoteConfig
  - RNI18n
  - RNPermissions
  - RNShare
  - RNSVG
  - RNVectorIcons

SPEC REPOS:
  https://github.com/BunnarithHeang/wm-rn-private-repo:
    - Base64
    - CodePush
    - FBLazyVector
    - FBReactNativeSpec
    - glog
    - Google-Maps-iOS-Utils
    - JWT
    - lottie-react-native
    - RCT-Folly
    - RCTRequired
    - RCTTypeSafety
    - React
    - React-callinvoker
    - React-Core
    - React-CoreModules
    - React-cxxreact
    - React-jsi
    - React-jsiexecutor
    - React-jsinspector
    - React-logger
    - react-native-contacts
    - react-native-geolocation
    - react-native-geolocation-service
    - react-native-google-maps
    - react-native-maps
    - react-native-netinfo
    - react-native-notifications
    - react-native-splash-screen
    - react-native-webview
    - React-perflogger
    - React-RCTActionSheet
    - React-RCTAnimation
    - React-RCTBlob
    - React-RCTImage
    - React-RCTLinking
    - React-RCTNetwork
    - React-RCTPushNotification
    - React-RCTSettings
    - React-RCTText
    - React-RCTVibration
    - React-runtimeexecutor
    - ReactCommon
    - ReactNativeART
    - ReactNativeNavigation
    - RNCAsyncStorage
    - RNCClipboard
    - RNCPushNotificationIOS
    - RNDateTimePicker
    - RNDeviceInfo
    - RNExitApp
    - RNFastImage
    - RNFBAnalytics
    - RNFBApp
    - RNFBAuth
    - RNFBCrashlytics
    - RNFBDatabase
    - RNFBDynamicLinks
    - RNFBFirestore
    - RNFBFunctions
    - RNFBIid
    - RNFBInAppMessaging
    - RNFBMessaging
    - RNFBRemoteConfig
    - RNI18n
    - RNPermissions
    - RNShare
    - RNSVG
    - RNVectorIcons
    - Yoga
  https://github.com/CocoaPods/Specs.git:
    - abseil
    - boost-for-react-native
    - BoringSSL-GRPC
    - DoubleConversion
    - Firebase
    - FirebaseABTesting
    - FirebaseAnalytics
    - FirebaseAuth
    - FirebaseCore
    - FirebaseCoreDiagnostics
    - FirebaseCrashlytics
    - FirebaseDatabase
    - FirebaseDynamicLinks
    - FirebaseFirestore
    - FirebaseFunctions
    - FirebaseInAppMessaging
    - FirebaseInstallations
    - FirebaseInstanceID
    - FirebaseMessaging
    - FirebaseRemoteConfig
    - fmt
    - GoogleAppMeasurement
    - GoogleDataTransport
    - GoogleMaps
    - GoogleUtilities
    - "gRPC-C++"
    - gRPC-Core
    - GTMSessionFetcher
    - HMSegmentedControl
    - leveldb-library
    - libwebp
    - lottie-ios
    - nanopb
    - PromisesObjC
    - SDWebImage
    - SDWebImageWebPCoder
    - SSZipArchive

SPEC CHECKSUMS:
  abseil: 6c8eb7892aefa08d929b39f9bb108e5367e3228f
  Base64: 21e87e2bae18e628fbc5ccb8361bdc00bc531d1f
  boost-for-react-native: 39c7adb57c4e60d6c5479dd8623128eb5b3f0f2c
  BoringSSL-GRPC: 8edf627ee524575e2f8d19d56f068b448eea3879
  CodePush: 377cdd1a34c93229ade93f0ac707a207dbb55304
  DoubleConversion: e22e0762848812a87afd67ffda3998d9ef29170c
  FBLazyVector: 0e8807f53d869dd75f1376faca746ecf41d53e27
  FBReactNativeSpec: 5597bc5cade1ce11898af70daf99d886e6fa3143
  Firebase: c121feb35e4126c0b355e3313fa9b487d47319fd
  FirebaseABTesting: e66f1f80747792630d9b292966de206d5df9853b
  FirebaseAnalytics: cd3bd84d722a24a8923918af8af8e5236f615d77
  FirebaseAuth: 5fe4585c2ed847319f0ea68bd1d82c77e49ff9a0
  FirebaseCore: 907447d8917a4d3eb0cce2829c5a0ad21d90b432
  FirebaseCoreDiagnostics: 68ad972f99206cef818230f3f3179d52ccfb7f8c
  FirebaseCrashlytics: 272b675aa9d1e9bae1f9e1449fcc1f2cf6042806
  FirebaseDatabase: 6c39fbf1c8514a2f32e610f9bf9ef30c535dc15a
  FirebaseDynamicLinks: 07f101c20bb40fd39f6b3e5278a64a5f2f660dc1
  FirebaseFirestore: f495bb336b23eca23ea5d3605dce2a4cc214fde9
  FirebaseFunctions: cf3d041e5292b1c4bda868d542071a0f8291a4d4
  FirebaseInAppMessaging: 03f39409c6f5ce5fb2d0db9cc99e043c0a538ba0
  FirebaseInstallations: a58d4f72ec5861840b84df489f2668d970df558a
  FirebaseInstanceID: ad5135045a498d7775903efd39762d2cdfa1be27
  FirebaseMessaging: 163435fb6db065e3b6228f1e577b10ed2cc506d2
  FirebaseRemoteConfig: 0ea30de5fb0231df8c1bdcdf3b6c23bdc5066131
  fmt: ff9d55029c625d3757ed641535fd4a75fedc7ce9
  glog: fdcb6b0f557959ef57219d0d6db012b65cc7fd17
  Google-Maps-iOS-Utils: 653b18d6130e44a6435e3350221698e1c6d05cb8
  GoogleAppMeasurement: fd19169c3034975cb934e865e5667bfdce59df7f
  GoogleDataTransport: cd9db2180fcecd8da1b561aea31e3e56cf834aa7
  GoogleMaps: 6e9c923ca035989709fcb5771544fda4cc5fa2a4
  GoogleUtilities: e0913149f6b0625b553d70dae12b49fc62914fd1
  "gRPC-C++": 13d8ccef97d5c3c441b7e3c529ef28ebee86fad2
  gRPC-Core: 4afa11bfbedf7cdecd04de535a9e046893404ed5
  GTMSessionFetcher: 5595ec75acf5be50814f81e9189490412bad82ba
  HMSegmentedControl: 34c1f54d822d8308e7b24f5d901ec674dfa31352
  JWT: cb69d620eb41fdaac51bc09a02582b77030194f3
  leveldb-library: 50c7b45cbd7bf543c81a468fe557a16ae3db8729
  libwebp: 60305b2e989864154bd9be3d772730f08fc6a59c
  lottie-ios: 6bbc53eef6957e4744a50321507015fba72d8ca6
  lottie-react-native: 36576b2e37a9f4f7f384b7d145f4881c3772894d
  nanopb: a0ba3315591a9ae0a16a309ee504766e90db0c96
  PromisesObjC: 3113f7f76903778cf4a0586bd1ab89329a0b7b97
  RCT-Folly: a42f60d1b61f3f09d220366e55fbe6ed4328a728
  RCTRequired: 2ef1e289e7d9dd6c4d9c4b47cdcf0d44afc2f20f
  RCTTypeSafety: 44193b76e219697d64b64ef6b1dfe6af32837ef7
  React: 11e74421d087661154284bc6fa8a324d7bd1f44f
  React-callinvoker: 89be4ebcc1ff7fea00a77184663ea2b863045e55
  React-Core: c174ff59ebf0dda29ba1789bf9e78ea9fa268b0f
  React-CoreModules: f49c0993777f7d336f86ab52eca2044921342a15
  React-cxxreact: 9d28647824ff56629a32ddd3284002514467395b
  React-jsi: 5d8841553c77e52b1a3aacf1038eac677d3a4b3d
  React-jsiexecutor: d1c319ce77bcfbe6fdab564de6fb9ae227721661
  React-jsinspector: a83b651ef21e1b1ce2719a36d089ecd4b96b98d4
  React-logger: 06ee6c0681f75ade608323a6d1936d3654cff32e
  react-native-contacts: 656ab1ab9f6dd1f2599f569ba847f6baae7e5734
  react-native-geolocation: 4fa54297c5f21cb4169c40108e84463658d5b03c
  react-native-geolocation-service: 8822d3b9eaa3f9aa27ebc699f1912428af111ad3
  react-native-google-maps: 8861b5a76532c91c59f34ae153e9e6b16d313800
  react-native-maps: 9c5be17029382a0366d1c4a26b4029f2d0186952
  react-native-netinfo: cb538d8b09ce99e872a43f468a6a71240399a8f0
  react-native-notifications: d28c114cbb826bf66ccf0c17ea6291ee61ec9665
  react-native-splash-screen: c3ea923900241adb20dc777a958b8144cbaeb028
  react-native-webview: d7a8555009c0894085d8834580bb8b476f4725b7
  React-perflogger: ec1884056bf98900dfd132609ff277ab47155853
  React-RCTActionSheet: deffaba65c47f7b7ea106ab515a400424870748e
  React-RCTAnimation: bbe7fc2f76611212045060635f4a675c4a8e4cd5
  React-RCTBlob: f345f431539288da660d21011cade808f65e060f
  React-RCTImage: c46b9ac1162a8aa4677cdb2872e7926b22056bf0
  React-RCTLinking: 471ec44cac5e699d3928f67a1064313e5c7b10f0
  React-RCTNetwork: bda47b7b3d2805e7687130055f929cd7926841db
  React-RCTPushNotification: 0d75162c4b9c207c80ed9ade3dbeff70beee3ef4
  React-RCTSettings: 607eec610db0478e82c1008436251e93e4eb6f06
  React-RCTText: 8b55494e7fa269af6f137a50d73f667175ec02e7
  React-RCTVibration: 770f6a69fbb1fdbbcb590dfb591a69671b83809a
  React-runtimeexecutor: 2b06e83d3be3f6b4fe918eb659e8e269d9031ddb
  ReactCommon: 6e3ab31afa38fa196b4b7a5392162edc5d8cd188
  ReactNativeART: c36d1be030b99642e44ea9207e5aea354f6c9d0a
  ReactNativeNavigation: d7813f651ac762fcbd43d62c6a320fd4810a8207
  RNCAsyncStorage: d169010289e75d2f785a10a3ee9314a225a70161
  RNCClipboard: 10abcf9ccaff4025f580d67c6eacd2e626c1cfd4
  RNCPushNotificationIOS: fb9705305a3e891db385efbd82ec3b5ac184edad
  RNDateTimePicker: f5922662f346b2a08ddcae1a1c473ae1e07ec892
  RNDeviceInfo: b8675bcfa1c5dd0c3f721ccac1a23905051832d5
  RNExitApp: 49e736ea07fd7e3e1dbaa9549719dbc0357188a8
  RNFastImage: bb0349c54e8a1e8735b3bd09b0320345d629ce92
  RNFBAnalytics: 3b3147e78921a68f45364178d834ed7a9aa8362f
  RNFBApp: 32d3d1b5435f0240830882e16f5b772addb26bd8
  RNFBAuth: 5b946db1c2789edfdde00a700764487527e0a14f
  RNFBCrashlytics: a697fce703835fc2ba6a45878cbf019ea4fa1ad9
  RNFBDatabase: 6192757e34ceb1fbe174429ab5f6eb029255f126
  RNFBDynamicLinks: 9200bb43f1783771078c1f6eebcaa16cc3f6900a
  RNFBFirestore: 90b23d56edd16ea3a29221e17bcd92a8783be97e
  RNFBFunctions: 1c75be46fa4f60666bd81792cf45a319e0368bbc
  RNFBIid: d673c07abba775e57f09d958d4b50e5a330634b3
  RNFBInAppMessaging: 8537cd3ca15553a33f0ff7c1edb2830273edbc95
  RNFBMessaging: 358f4d7fbba35fc4c91aae4f36deaf3f98b6d8ea
  RNFBRemoteConfig: b7614623188d61abdd4ab4c4760f5fe7d874fc37
  RNI18n: 89ac8fbac2c1cbec90b769d2fd3411d7002a7605
  RNPermissions: 338ad7be07962deacb02814f5ca74b7fee2556ca
  RNShare: ca3fae5a6ca5699ef7ee9cbdc18a54634140ffc9
  RNSVG: c99b32f8f1664036d510d1e12707c87a065fe1e1
  RNVectorIcons: f3bd3c03b48b4be640ef55600ce4d49ff423ec8f
  SDWebImage: a7f831e1a65eb5e285e3fb046a23fcfbf08e696d
  SDWebImageWebPCoder: 908b83b6adda48effe7667cd2b7f78c897e5111d
  SSZipArchive: fe6a26b2a54d5a0890f2567b5cc6de5caa600aef
  Yoga: 16282c16ae3a1da744cad662f33255a05833cdab

PODFILE CHECKSUM: 0e3e079596fb7989852f3f177ec6fa20b84ee9e2

COCOAPODS: 1.11.3
